
Microsoft Visual Studio Solution File, Format Version 12.00
# Visual Studio Version 17
VisualStudioVersion = 17.11.35208.52
MinimumVisualStudioVersion = 10.0.40219.1
Project("{2150E333-8FDC-42A3-9474-1A3956D46DE8}") = "src", "src", "{7207F2CC-67FC-4EE6-8FB4-BE22D5713BB9}"
EndProject
Project("{9A19103F-16F7-4668-BE54-9A1E7A4F7556}") = "Domain", "src\Domain\Domain.csproj", "{8A3FD56F-DD41-40AF-9D8D-3EC669B565D8}"
EndProject
Project("{9A19103F-16F7-4668-BE54-9A1E7A4F7556}") = "Application", "src\Application\Application.csproj", "{85610B8E-C6C4-4EEA-8616-69A2600304B3}"
EndProject
Project("{9A19103F-16F7-4668-BE54-9A1E7A4F7556}") = "Infrastructure", "src\Infrastructure\Infrastructure.csproj", "{D94B1E7E-F62A-4BEE-9D23-80B1D5B083EB}"
EndProject
Project("{9A19103F-16F7-4668-BE54-9A1E7A4F7556}") = "API", "src\API\API.csproj", "{672029ED-F761-4EB3-93BA-CFF9B7F09440}"
EndProject
Project("{9A19103F-16F7-4668-BE54-9A1E7A4F7556}") = "CrossCutting", "src\CrossCutting\CrossCutting.csproj", "{F15AC91A-9673-4DCD-89CE-148E073A2F01}"
EndProject
Project("{2150E333-8FDC-42A3-9474-1A3956D46DE8}") = "test", "test", "{40F193E5-6FEC-44D8-8D64-58EB79BFB375}"
EndProject
Project("{2150E333-8FDC-42A3-9474-1A3956D46DE8}") = "UnitTests", "UnitTests", "{00B1B74A-F60D-44BD-BB7A-2262CAE5F445}"
EndProject
Project("{9A19103F-16F7-4668-BE54-9A1E7A4F7556}") = "Application.UnitTests", "test\UnitTests\Application.UnitTests\Application.UnitTests.csproj", "{07614F2D-5117-45F0-8D21-AFDCF29BDCC5}"
EndProject
Global
	GlobalSection(SolutionConfigurationPlatforms) = preSolution
		Debug|Any CPU = Debug|Any CPU
		Release|Any CPU = Release|Any CPU
	EndGlobalSection
	GlobalSection(ProjectConfigurationPlatforms) = postSolution
		{8A3FD56F-DD41-40AF-9D8D-3EC669B565D8}.Debug|Any CPU.ActiveCfg = Debug|Any CPU
		{8A3FD56F-DD41-40AF-9D8D-3EC669B565D8}.Debug|Any CPU.Build.0 = Debug|Any CPU
		{8A3FD56F-DD41-40AF-9D8D-3EC669B565D8}.Release|Any CPU.ActiveCfg = Release|Any CPU
		{8A3FD56F-DD41-40AF-9D8D-3EC669B565D8}.Release|Any CPU.Build.0 = Release|Any CPU
		{85610B8E-C6C4-4EEA-8616-69A2600304B3}.Debug|Any CPU.ActiveCfg = Debug|Any CPU
		{85610B8E-C6C4-4EEA-8616-69A2600304B3}.Debug|Any CPU.Build.0 = Debug|Any CPU
		{85610B8E-C6C4-4EEA-8616-69A2600304B3}.Release|Any CPU.ActiveCfg = Release|Any CPU
		{85610B8E-C6C4-4EEA-8616-69A2600304B3}.Release|Any CPU.Build.0 = Release|Any CPU
		{D94B1E7E-F62A-4BEE-9D23-80B1D5B083EB}.Debug|Any CPU.ActiveCfg = Debug|Any CPU
		{D94B1E7E-F62A-4BEE-9D23-80B1D5B083EB}.Debug|Any CPU.Build.0 = Debug|Any CPU
		{D94B1E7E-F62A-4BEE-9D23-80B1D5B083EB}.Release|Any CPU.ActiveCfg = Release|Any CPU
		{D94B1E7E-F62A-4BEE-9D23-80B1D5B083EB}.Release|Any CPU.Build.0 = Release|Any CPU
		{672029ED-F761-4EB3-93BA-CFF9B7F09440}.Debug|Any CPU.ActiveCfg = Debug|Any CPU
		{672029ED-F761-4EB3-93BA-CFF9B7F09440}.Debug|Any CPU.Build.0 = Debug|Any CPU
		{672029ED-F761-4EB3-93BA-CFF9B7F09440}.Release|Any CPU.ActiveCfg = Release|Any CPU
		{672029ED-F761-4EB3-93BA-CFF9B7F09440}.Release|Any CPU.Build.0 = Release|Any CPU
		{F15AC91A-9673-4DCD-89CE-148E073A2F01}.Debug|Any CPU.ActiveCfg = Debug|Any CPU
		{F15AC91A-9673-4DCD-89CE-148E073A2F01}.Debug|Any CPU.Build.0 = Debug|Any CPU
		{F15AC91A-9673-4DCD-89CE-148E073A2F01}.Release|Any CPU.ActiveCfg = Release|Any CPU
		{F15AC91A-9673-4DCD-89CE-148E073A2F01}.Release|Any CPU.Build.0 = Release|Any CPU
	EndGlobalSection
	GlobalSection(SolutionProperties) = preSolution
		HideSolutionNode = FALSE
	EndGlobalSection
	GlobalSection(NestedProjects) = preSolution
		{8A3FD56F-DD41-40AF-9D8D-3EC669B565D8} = {7207F2CC-67FC-4EE6-8FB4-BE22D5713BB9}
		{85610B8E-C6C4-4EEA-8616-69A2600304B3} = {7207F2CC-67FC-4EE6-8FB4-BE22D5713BB9}
		{D94B1E7E-F62A-4BEE-9D23-80B1D5B083EB} = {7207F2CC-67FC-4EE6-8FB4-BE22D5713BB9}
		{672029ED-F761-4EB3-93BA-CFF9B7F09440} = {7207F2CC-67FC-4EE6-8FB4-BE22D5713BB9}
		{F15AC91A-9673-4DCD-89CE-148E073A2F01} = {7207F2CC-67FC-4EE6-8FB4-BE22D5713BB9}
		{00B1B74A-F60D-44BD-BB7A-2262CAE5F445} = {40F193E5-6FEC-44D8-8D64-58EB79BFB375}
		{07614F2D-5117-45F0-8D21-AFDCF29BDCC5} = {00B1B74A-F60D-44BD-BB7A-2262CAE5F445}
	EndGlobalSection
	GlobalSection(ExtensibilityGlobals) = postSolution
		SolutionGuid = {6F5C7332-3DEC-4531-B8E2-6BB1791BF593}
	EndGlobalSection
EndGlobal
